// !$*UTF8*$!
{
	archiveVersion = 1;
	classes = {
	};
	objectVersion = 50;
	objects = {

/* Begin PBXBuildFile section */
		3B0871C323A879BA0082DC2D /* AppDelegate.swift in Sources */ = {isa = PBXBuildFile; fileRef = 3B0871C223A879BA0082DC2D /* AppDelegate.swift */; };
		3B0871C723A879BA0082DC2D /* ViewController.swift in Sources */ = {isa = PBXBuildFile; fileRef = 3B0871C623A879BA0082DC2D /* ViewController.swift */; };
		3B0871CC23A879BB0082DC2D /* Assets.xcassets in Resources */ = {isa = PBXBuildFile; fileRef = 3B0871CB23A879BB0082DC2D /* Assets.xcassets */; };
		3B0871CF23A879BB0082DC2D /* LaunchScreen.storyboard in Resources */ = {isa = PBXBuildFile; fileRef = 3B0871CD23A879BB0082DC2D /* LaunchScreen.storyboard */; };
		3B0871D823A882270082DC2D /* KMMetalView.swift in Sources */ = {isa = PBXBuildFile; fileRef = 3B0871D723A882270082DC2D /* KMMetalView.swift */; };
		3B0871DF23A8834C0082DC2D /* img4.png in Resources */ = {isa = PBXBuildFile; fileRef = 3B0871DA23A8834C0082DC2D /* img4.png */; };
		3B0871E023A8834C0082DC2D /* img3.png in Resources */ = {isa = PBXBuildFile; fileRef = 3B0871DB23A8834C0082DC2D /* img3.png */; };
		3B0871E123A8834C0082DC2D /* img2.png in Resources */ = {isa = PBXBuildFile; fileRef = 3B0871DC23A8834C0082DC2D /* img2.png */; };
		3B0871E223A8834C0082DC2D /* img0.png in Resources */ = {isa = PBXBuildFile; fileRef = 3B0871DD23A8834C0082DC2D /* img0.png */; };
		3B0871E323A8834C0082DC2D /* img1.png in Resources */ = {isa = PBXBuildFile; fileRef = 3B0871DE23A8834C0082DC2D /* img1.png */; };
		3B0871E523A8845F0082DC2D /* KMMetalResourceLoader.swift in Sources */ = {isa = PBXBuildFile; fileRef = 3B0871E423A8845F0082DC2D /* KMMetalResourceLoader.swift */; };
		3B0871E823A884A70082DC2D /* MetalTexture+UIImage.swift in Sources */ = {isa = PBXBuildFile; fileRef = 3B0871E723A884A70082DC2D /* MetalTexture+UIImage.swift */; };
		3B0871EA23A889B20082DC2D /* KMMetalFilter.swift in Sources */ = {isa = PBXBuildFile; fileRef = 3B0871E923A889B20082DC2D /* KMMetalFilter.swift */; };
		3B0C7FDF23B5099000222528 /* KMThinFaceFilter.swift in Sources */ = {isa = PBXBuildFile; fileRef = 3B0C7FDD23B5098F00222528 /* KMThinFaceFilter.swift */; };
		3B0C7FE023B5099000222528 /* KMThinFaceKernel.metal in Sources */ = {isa = PBXBuildFile; fileRef = 3B0C7FDE23B5098F00222528 /* KMThinFaceKernel.metal */; };
		3B0FDF9523C4ED6300E27761 /* GoogleService-Info.plist in Resources */ = {isa = PBXBuildFile; fileRef = 3B0FDF9423C4ED6300E27761 /* GoogleService-Info.plist */; };
		3B0FDF9723C503FE00E27761 /* CGAffineTransform+Matrix.swift in Sources */ = {isa = PBXBuildFile; fileRef = 3B0FDF9623C503FE00E27761 /* CGAffineTransform+Matrix.swift */; };
		3B1242B623AB9715008574AF /* KMBrightnessKernel.metal in Sources */ = {isa = PBXBuildFile; fileRef = 3B1242B523AB9715008574AF /* KMBrightnessKernel.metal */; };
		3B1242B823AB9793008574AF /* KMBrightnessFilter.swift in Sources */ = {isa = PBXBuildFile; fileRef = 3B1242B723AB9793008574AF /* KMBrightnessFilter.swift */; };
		3B1242BA23AB99AE008574AF /* KMMetalCamera.swift in Sources */ = {isa = PBXBuildFile; fileRef = 3B1242B923AB99AE008574AF /* KMMetalCamera.swift */; };
		3B1242BC23AC729B008574AF /* MetalTexture+CMSampleBuffer.swift in Sources */ = {isa = PBXBuildFile; fileRef = 3B1242BB23AC729B008574AF /* MetalTexture+CMSampleBuffer.swift */; };
		3B2FBC2023BCCC3A001034BF /* Accelerate.framework in Frameworks */ = {isa = PBXBuildFile; fileRef = 3B2FBC1F23BCCC3A001034BF /* Accelerate.framework */; };
		3B4479ED23AE0EE200A32F4C /* lookup.png in Resources */ = {isa = PBXBuildFile; fileRef = 3B4479E823AE0EE200A32F4C /* lookup.png */; };
		3B4479EE23AE0EE200A32F4C /* lookup_miss_etikate.png in Resources */ = {isa = PBXBuildFile; fileRef = 3B4479E923AE0EE200A32F4C /* lookup_miss_etikate.png */; };
		3B4479EF23AE0EE200A32F4C /* lookup_soft_elegance_1.png in Resources */ = {isa = PBXBuildFile; fileRef = 3B4479EA23AE0EE200A32F4C /* lookup_soft_elegance_1.png */; };
		3B4479F023AE0EE200A32F4C /* lookup_amatorka.png in Resources */ = {isa = PBXBuildFile; fileRef = 3B4479EB23AE0EE200A32F4C /* lookup_amatorka.png */; };
		3B4479F123AE0EE200A32F4C /* lookup_soft_elegance_2.png in Resources */ = {isa = PBXBuildFile; fileRef = 3B4479EC23AE0EE200A32F4C /* lookup_soft_elegance_2.png */; };
		3B447A4D23B4E84400A32F4C /* KMExposureFilter.swift in Sources */ = {isa = PBXBuildFile; fileRef = 3B447A4C23B4E84400A32F4C /* KMExposureFilter.swift */; };
		3B447A4F23B4E89F00A32F4C /* KMExposureKernel.metal in Sources */ = {isa = PBXBuildFile; fileRef = 3B447A4E23B4E89F00A32F4C /* KMExposureKernel.metal */; };
		3B447A5723B5FA0000A32F4C /* KMSaturationFilter.swift in Sources */ = {isa = PBXBuildFile; fileRef = 3B447A5623B5FA0000A32F4C /* KMSaturationFilter.swift */; };
		3B447A5923B5FA4A00A32F4C /* KMSaturationKernel.metal in Sources */ = {isa = PBXBuildFile; fileRef = 3B447A5823B5FA4A00A32F4C /* KMSaturationKernel.metal */; };
		3B447A5D23B5FC5400A32F4C /* KMContrastFilter.swift in Sources */ = {isa = PBXBuildFile; fileRef = 3B447A5C23B5FC5400A32F4C /* KMContrastFilter.swift */; };
		3B447A5F23B5FC6E00A32F4C /* KMContrastKernel.metal in Sources */ = {isa = PBXBuildFile; fileRef = 3B447A5E23B5FC6E00A32F4C /* KMContrastKernel.metal */; };
		3B447A6223B5FCE100A32F4C /* KMWhiteBalanceFilter.swift in Sources */ = {isa = PBXBuildFile; fileRef = 3B447A6123B5FCE100A32F4C /* KMWhiteBalanceFilter.swift */; };
		3B447A6423B60CAC00A32F4C /* KMWhiteBalanceKernel.metal in Sources */ = {isa = PBXBuildFile; fileRef = 3B447A6323B60CAC00A32F4C /* KMWhiteBalanceKernel.metal */; };
		3B447A6723B61C0200A32F4C /* KMHighLightShadowFilter.swift in Sources */ = {isa = PBXBuildFile; fileRef = 3B447A6623B61C0200A32F4C /* KMHighLightShadowFilter.swift */; };
		3B447A6923B61C6900A32F4C /* KMHighLightShadowKernel.metal in Sources */ = {isa = PBXBuildFile; fileRef = 3B447A6823B61C6900A32F4C /* KMHighLightShadowKernel.metal */; };
		3B447A6C23B61F5200A32F4C /* KMSharpenFilter.swift in Sources */ = {isa = PBXBuildFile; fileRef = 3B447A6B23B61F5200A32F4C /* KMSharpenFilter.swift */; };
		3B447A6E23B61FBF00A32F4C /* KMSharpenKernel.metal in Sources */ = {isa = PBXBuildFile; fileRef = 3B447A6D23B61FBF00A32F4C /* KMSharpenKernel.metal */; };
		3B447A7023B7579B00A32F4C /* KMMetalFilterGroup.swift in Sources */ = {isa = PBXBuildFile; fileRef = 3B447A6F23B7579B00A32F4C /* KMMetalFilterGroup.swift */; };
		3B447A7323B778A000A32F4C /* KMSobelFilter.swift in Sources */ = {isa = PBXBuildFile; fileRef = 3B447A7223B778A000A32F4C /* KMSobelFilter.swift */; };
		3B447A7523B778E700A32F4C /* KMSobelKernel.metal in Sources */ = {isa = PBXBuildFile; fileRef = 3B447A7423B778E700A32F4C /* KMSobelKernel.metal */; };
		3B447A7823B77D5C00A32F4C /* KMSingleBilateralBlurFilter.swift in Sources */ = {isa = PBXBuildFile; fileRef = 3B447A7723B77D5C00A32F4C /* KMSingleBilateralBlurFilter.swift */; };
		3B447A7A23B77DBC00A32F4C /* KMSingleBilateralBlurKernel.metal in Sources */ = {isa = PBXBuildFile; fileRef = 3B447A7923B77DBC00A32F4C /* KMSingleBilateralBlurKernel.metal */; };
		3B447A7C23B77E2300A32F4C /* KMBilateralBlurFilter.swift in Sources */ = {isa = PBXBuildFile; fileRef = 3B447A7B23B77E2300A32F4C /* KMBilateralBlurFilter.swift */; };
		3B66229C23B9F296003C17C1 /* KMSkinSmoothFilter.swift in Sources */ = {isa = PBXBuildFile; fileRef = 3B66229B23B9F296003C17C1 /* KMSkinSmoothFilter.swift */; };
		3B66229E23B9F2F2003C17C1 /* KMSkinSmoothKernel.metal in Sources */ = {isa = PBXBuildFile; fileRef = 3B66229D23B9F2F2003C17C1 /* KMSkinSmoothKernel.metal */; };
		3BCBBBD123ADF24B0056D749 /* KMLookUpFilter.swift in Sources */ = {isa = PBXBuildFile; fileRef = 3BCBBBD023ADF24B0056D749 /* KMLookUpFilter.swift */; };
		3BCBBBD323ADF2C70056D749 /* KMLookUpKernel.metal in Sources */ = {isa = PBXBuildFile; fileRef = 3BCBBBD223ADF2C70056D749 /* KMLookUpKernel.metal */; };
		3BE01CAB23A8BB820057B987 /* KMMetalCommon.swift in Sources */ = {isa = PBXBuildFile; fileRef = 3BE01CAA23A8BB820057B987 /* KMMetalCommon.swift */; };
		3BE01CB623AA1E5B0057B987 /* KMMetalShared.swift in Sources */ = {isa = PBXBuildFile; fileRef = 3BE01CB523AA1E5B0057B987 /* KMMetalShared.swift */; };
		3BEAFA2D23BB3E7F007B4470 /* KMCropFilter.swift in Sources */ = {isa = PBXBuildFile; fileRef = 3BEAFA2C23BB3E7F007B4470 /* KMCropFilter.swift */; };
		3BEAFA2F23BB3E92007B4470 /* KMCropKernel.metal in Sources */ = {isa = PBXBuildFile; fileRef = 3BEAFA2E23BB3E91007B4470 /* KMCropKernel.metal */; };
		3BEAFA3423BDF0A2007B4470 /* MetalTexure+CVPixelBuffer.swift in Sources */ = {isa = PBXBuildFile; fileRef = 3BEAFA3323BDF0A2007B4470 /* MetalTexure+CVPixelBuffer.swift */; };
		3BFA509823AA250300238AA3 /* KMTexture.swift in Sources */ = {isa = PBXBuildFile; fileRef = 3BFA509723AA250300238AA3 /* KMTexture.swift */; };
		3BFA509A23AA27F200238AA3 /* PassthroughShaders.metal in Sources */ = {isa = PBXBuildFile; fileRef = 3BFA509923AA27F200238AA3 /* PassthroughShaders.metal */; };
		3BFA50A023AB4C1500238AA3 /* KMMetalImage.swift in Sources */ = {isa = PBXBuildFile; fileRef = 3BFA509F23AB4C1500238AA3 /* KMMetalImage.swift */; };
		3BFA50A223AB53FB00238AA3 /* MetalTexture+CGImage.swift in Sources */ = {isa = PBXBuildFile; fileRef = 3BFA50A123AB53FB00238AA3 /* MetalTexture+CGImage.swift */; };
		AC72C3CCC02EB2D189E1F88F /* Pods_KMMetal.framework in Frameworks */ = {isa = PBXBuildFile; fileRef = 9B305A1DF36A6C7C54A23EF7 /* Pods_KMMetal.framework */; };
/* End PBXBuildFile section */

/* Begin PBXFileReference section */
		3B03EE7723B102330092DEA6 /* KMThinFaceFilter.swift */ = {isa = PBXFileReference; lastKnownFileType = sourcecode.swift; path = KMThinFaceFilter.swift; sourceTree = "<group>"; };
		3B03EE7923B102470092DEA6 /* KMThinFaceKernel.metal */ = {isa = PBXFileReference; lastKnownFileType = sourcecode.metal; path = KMThinFaceKernel.metal; sourceTree = "<group>"; };
		3B0871BF23A879BA0082DC2D /* KMMetal.app */ = {isa = PBXFileReference; explicitFileType = wrapper.application; includeInIndex = 0; path = KMMetal.app; sourceTree = BUILT_PRODUCTS_DIR; };
		3B0871C223A879BA0082DC2D /* AppDelegate.swift */ = {isa = PBXFileReference; lastKnownFileType = sourcecode.swift; path = AppDelegate.swift; sourceTree = "<group>"; };
		3B0871C623A879BA0082DC2D /* ViewController.swift */ = {isa = PBXFileReference; lastKnownFileType = sourcecode.swift; path = ViewController.swift; sourceTree = "<group>"; };
		3B0871CB23A879BB0082DC2D /* Assets.xcassets */ = {isa = PBXFileReference; lastKnownFileType = folder.assetcatalog; path = Assets.xcassets; sourceTree = "<group>"; };
		3B0871CE23A879BB0082DC2D /* Base */ = {isa = PBXFileReference; lastKnownFileType = file.storyboard; name = Base; path = Base.lproj/LaunchScreen.storyboard; sourceTree = "<group>"; };
		3B0871D023A879BB0082DC2D /* Info.plist */ = {isa = PBXFileReference; lastKnownFileType = text.plist.xml; path = Info.plist; sourceTree = "<group>"; };
		3B0871D723A882270082DC2D /* KMMetalView.swift */ = {isa = PBXFileReference; lastKnownFileType = sourcecode.swift; path = KMMetalView.swift; sourceTree = "<group>"; };
		3B0871DA23A8834C0082DC2D /* img4.png */ = {isa = PBXFileReference; lastKnownFileType = image.png; path = img4.png; sourceTree = "<group>"; };
		3B0871DB23A8834C0082DC2D /* img3.png */ = {isa = PBXFileReference; lastKnownFileType = image.png; path = img3.png; sourceTree = "<group>"; };
		3B0871DC23A8834C0082DC2D /* img2.png */ = {isa = PBXFileReference; lastKnownFileType = image.png; path = img2.png; sourceTree = "<group>"; };
		3B0871DD23A8834C0082DC2D /* img0.png */ = {isa = PBXFileReference; lastKnownFileType = image.png; path = img0.png; sourceTree = "<group>"; };
		3B0871DE23A8834C0082DC2D /* img1.png */ = {isa = PBXFileReference; lastKnownFileType = image.png; path = img1.png; sourceTree = "<group>"; };
		3B0871E423A8845F0082DC2D /* KMMetalResourceLoader.swift */ = {isa = PBXFileReference; lastKnownFileType = sourcecode.swift; path = KMMetalResourceLoader.swift; sourceTree = "<group>"; };
		3B0871E723A884A70082DC2D /* MetalTexture+UIImage.swift */ = {isa = PBXFileReference; lastKnownFileType = sourcecode.swift; path = "MetalTexture+UIImage.swift"; sourceTree = "<group>"; };
		3B0871E923A889B20082DC2D /* KMMetalFilter.swift */ = {isa = PBXFileReference; lastKnownFileType = sourcecode.swift; path = KMMetalFilter.swift; sourceTree = "<group>"; };
		3B0C7FDD23B5098F00222528 /* KMThinFaceFilter.swift */ = {isa = PBXFileReference; fileEncoding = 4; lastKnownFileType = sourcecode.swift; path = KMThinFaceFilter.swift; sourceTree = "<group>"; };
		3B0C7FDE23B5098F00222528 /* KMThinFaceKernel.metal */ = {isa = PBXFileReference; fileEncoding = 4; lastKnownFileType = sourcecode.metal; path = KMThinFaceKernel.metal; sourceTree = "<group>"; };
		3B0FDF9423C4ED6300E27761 /* GoogleService-Info.plist */ = {isa = PBXFileReference; fileEncoding = 4; lastKnownFileType = text.plist.xml; path = "GoogleService-Info.plist"; sourceTree = "<group>"; };
		3B0FDF9623C503FE00E27761 /* CGAffineTransform+Matrix.swift */ = {isa = PBXFileReference; fileEncoding = 4; lastKnownFileType = sourcecode.swift; name = "CGAffineTransform+Matrix.swift"; path = "KMFaceDetector/CGAffineTransform+Matrix.swift"; sourceTree = "<group>"; };
		3B1242B523AB9715008574AF /* KMBrightnessKernel.metal */ = {isa = PBXFileReference; lastKnownFileType = sourcecode.metal; path = KMBrightnessKernel.metal; sourceTree = "<group>"; };
		3B1242B723AB9793008574AF /* KMBrightnessFilter.swift */ = {isa = PBXFileReference; lastKnownFileType = sourcecode.swift; path = KMBrightnessFilter.swift; sourceTree = "<group>"; };
		3B1242B923AB99AE008574AF /* KMMetalCamera.swift */ = {isa = PBXFileReference; lastKnownFileType = sourcecode.swift; path = KMMetalCamera.swift; sourceTree = "<group>"; };
		3B1242BB23AC729B008574AF /* MetalTexture+CMSampleBuffer.swift */ = {isa = PBXFileReference; lastKnownFileType = sourcecode.swift; path = "MetalTexture+CMSampleBuffer.swift"; sourceTree = "<group>"; };
		3B2FBC1F23BCCC3A001034BF /* Accelerate.framework */ = {isa = PBXFileReference; lastKnownFileType = wrapper.framework; name = Accelerate.framework; path = System/Library/Frameworks/Accelerate.framework; sourceTree = SDKROOT; };
		3B4479E823AE0EE200A32F4C /* lookup.png */ = {isa = PBXFileReference; lastKnownFileType = image.png; path = lookup.png; sourceTree = "<group>"; };
		3B4479E923AE0EE200A32F4C /* lookup_miss_etikate.png */ = {isa = PBXFileReference; lastKnownFileType = image.png; path = lookup_miss_etikate.png; sourceTree = "<group>"; };
		3B4479EA23AE0EE200A32F4C /* lookup_soft_elegance_1.png */ = {isa = PBXFileReference; lastKnownFileType = image.png; path = lookup_soft_elegance_1.png; sourceTree = "<group>"; };
		3B4479EB23AE0EE200A32F4C /* lookup_amatorka.png */ = {isa = PBXFileReference; lastKnownFileType = image.png; path = lookup_amatorka.png; sourceTree = "<group>"; };
		3B4479EC23AE0EE200A32F4C /* lookup_soft_elegance_2.png */ = {isa = PBXFileReference; lastKnownFileType = image.png; path = lookup_soft_elegance_2.png; sourceTree = "<group>"; };
		3B447A4C23B4E84400A32F4C /* KMExposureFilter.swift */ = {isa = PBXFileReference; lastKnownFileType = sourcecode.swift; path = KMExposureFilter.swift; sourceTree = "<group>"; };
		3B447A4E23B4E89F00A32F4C /* KMExposureKernel.metal */ = {isa = PBXFileReference; lastKnownFileType = sourcecode.metal; path = KMExposureKernel.metal; sourceTree = "<group>"; };
		3B447A5623B5FA0000A32F4C /* KMSaturationFilter.swift */ = {isa = PBXFileReference; lastKnownFileType = sourcecode.swift; path = KMSaturationFilter.swift; sourceTree = "<group>"; };
		3B447A5823B5FA4A00A32F4C /* KMSaturationKernel.metal */ = {isa = PBXFileReference; lastKnownFileType = sourcecode.metal; path = KMSaturationKernel.metal; sourceTree = "<group>"; };
		3B447A5A23B5FB3000A32F4C /* KMMetalConstant.h */ = {isa = PBXFileReference; lastKnownFileType = sourcecode.c.h; path = KMMetalConstant.h; sourceTree = "<group>"; };
		3B447A5C23B5FC5400A32F4C /* KMContrastFilter.swift */ = {isa = PBXFileReference; lastKnownFileType = sourcecode.swift; path = KMContrastFilter.swift; sourceTree = "<group>"; };
		3B447A5E23B5FC6E00A32F4C /* KMContrastKernel.metal */ = {isa = PBXFileReference; lastKnownFileType = sourcecode.metal; path = KMContrastKernel.metal; sourceTree = "<group>"; };
		3B447A6123B5FCE100A32F4C /* KMWhiteBalanceFilter.swift */ = {isa = PBXFileReference; lastKnownFileType = sourcecode.swift; path = KMWhiteBalanceFilter.swift; sourceTree = "<group>"; };
		3B447A6323B60CAC00A32F4C /* KMWhiteBalanceKernel.metal */ = {isa = PBXFileReference; lastKnownFileType = sourcecode.metal; path = KMWhiteBalanceKernel.metal; sourceTree = "<group>"; };
		3B447A6623B61C0200A32F4C /* KMHighLightShadowFilter.swift */ = {isa = PBXFileReference; lastKnownFileType = sourcecode.swift; path = KMHighLightShadowFilter.swift; sourceTree = "<group>"; };
		3B447A6823B61C6900A32F4C /* KMHighLightShadowKernel.metal */ = {isa = PBXFileReference; lastKnownFileType = sourcecode.metal; path = KMHighLightShadowKernel.metal; sourceTree = "<group>"; };
		3B447A6B23B61F5200A32F4C /* KMSharpenFilter.swift */ = {isa = PBXFileReference; lastKnownFileType = sourcecode.swift; path = KMSharpenFilter.swift; sourceTree = "<group>"; };
		3B447A6D23B61FBF00A32F4C /* KMSharpenKernel.metal */ = {isa = PBXFileReference; lastKnownFileType = sourcecode.metal; path = KMSharpenKernel.metal; sourceTree = "<group>"; };
		3B447A6F23B7579B00A32F4C /* KMMetalFilterGroup.swift */ = {isa = PBXFileReference; lastKnownFileType = sourcecode.swift; path = KMMetalFilterGroup.swift; sourceTree = "<group>"; };
		3B447A7223B778A000A32F4C /* KMSobelFilter.swift */ = {isa = PBXFileReference; lastKnownFileType = sourcecode.swift; path = KMSobelFilter.swift; sourceTree = "<group>"; };
		3B447A7423B778E700A32F4C /* KMSobelKernel.metal */ = {isa = PBXFileReference; lastKnownFileType = sourcecode.metal; path = KMSobelKernel.metal; sourceTree = "<group>"; };
		3B447A7723B77D5C00A32F4C /* KMSingleBilateralBlurFilter.swift */ = {isa = PBXFileReference; lastKnownFileType = sourcecode.swift; path = KMSingleBilateralBlurFilter.swift; sourceTree = "<group>"; };
		3B447A7923B77DBC00A32F4C /* KMSingleBilateralBlurKernel.metal */ = {isa = PBXFileReference; lastKnownFileType = sourcecode.metal; path = KMSingleBilateralBlurKernel.metal; sourceTree = "<group>"; };
		3B447A7B23B77E2300A32F4C /* KMBilateralBlurFilter.swift */ = {isa = PBXFileReference; lastKnownFileType = sourcecode.swift; path = KMBilateralBlurFilter.swift; sourceTree = "<group>"; };
		3B66229B23B9F296003C17C1 /* KMSkinSmoothFilter.swift */ = {isa = PBXFileReference; lastKnownFileType = sourcecode.swift; path = KMSkinSmoothFilter.swift; sourceTree = "<group>"; };
		3B66229D23B9F2F2003C17C1 /* KMSkinSmoothKernel.metal */ = {isa = PBXFileReference; lastKnownFileType = sourcecode.metal; path = KMSkinSmoothKernel.metal; sourceTree = "<group>"; };
		3BCBBBD023ADF24B0056D749 /* KMLookUpFilter.swift */ = {isa = PBXFileReference; lastKnownFileType = sourcecode.swift; path = KMLookUpFilter.swift; sourceTree = "<group>"; };
		3BCBBBD223ADF2C70056D749 /* KMLookUpKernel.metal */ = {isa = PBXFileReference; lastKnownFileType = sourcecode.metal; path = KMLookUpKernel.metal; sourceTree = "<group>"; };
		3BE01CAA23A8BB820057B987 /* KMMetalCommon.swift */ = {isa = PBXFileReference; lastKnownFileType = sourcecode.swift; path = KMMetalCommon.swift; sourceTree = "<group>"; };
		3BE01CB523AA1E5B0057B987 /* KMMetalShared.swift */ = {isa = PBXFileReference; lastKnownFileType = sourcecode.swift; path = KMMetalShared.swift; sourceTree = "<group>"; };
		3BEAFA2C23BB3E7F007B4470 /* KMCropFilter.swift */ = {isa = PBXFileReference; lastKnownFileType = sourcecode.swift; path = KMCropFilter.swift; sourceTree = "<group>"; };
		3BEAFA2E23BB3E91007B4470 /* KMCropKernel.metal */ = {isa = PBXFileReference; lastKnownFileType = sourcecode.metal; path = KMCropKernel.metal; sourceTree = "<group>"; };
		3BEAFA3323BDF0A2007B4470 /* MetalTexure+CVPixelBuffer.swift */ = {isa = PBXFileReference; lastKnownFileType = sourcecode.swift; path = "MetalTexure+CVPixelBuffer.swift"; sourceTree = "<group>"; };
		3BFA509723AA250300238AA3 /* KMTexture.swift */ = {isa = PBXFileReference; lastKnownFileType = sourcecode.swift; path = KMTexture.swift; sourceTree = "<group>"; };
		3BFA509923AA27F200238AA3 /* PassthroughShaders.metal */ = {isa = PBXFileReference; lastKnownFileType = sourcecode.metal; path = PassthroughShaders.metal; sourceTree = "<group>"; };
		3BFA509F23AB4C1500238AA3 /* KMMetalImage.swift */ = {isa = PBXFileReference; lastKnownFileType = sourcecode.swift; path = KMMetalImage.swift; sourceTree = "<group>"; };
		3BFA50A123AB53FB00238AA3 /* MetalTexture+CGImage.swift */ = {isa = PBXFileReference; lastKnownFileType = sourcecode.swift; path = "MetalTexture+CGImage.swift"; sourceTree = "<group>"; };
		4EEC7A01F51596F26072DE7F /* Pods-KMMetal.debug.xcconfig */ = {isa = PBXFileReference; includeInIndex = 1; lastKnownFileType = text.xcconfig; name = "Pods-KMMetal.debug.xcconfig"; path = "Target Support Files/Pods-KMMetal/Pods-KMMetal.debug.xcconfig"; sourceTree = "<group>"; };
		9B305A1DF36A6C7C54A23EF7 /* Pods_KMMetal.framework */ = {isa = PBXFileReference; explicitFileType = wrapper.framework; includeInIndex = 0; path = Pods_KMMetal.framework; sourceTree = BUILT_PRODUCTS_DIR; };
		DF8117D56BF0F59669A9E1A2 /* Pods-KMMetal.release.xcconfig */ = {isa = PBXFileReference; includeInIndex = 1; lastKnownFileType = text.xcconfig; name = "Pods-KMMetal.release.xcconfig"; path = "Target Support Files/Pods-KMMetal/Pods-KMMetal.release.xcconfig"; sourceTree = "<group>"; };
/* End PBXFileReference section */

/* Begin PBXFrameworksBuildPhase section */
		3B0871BC23A879BA0082DC2D /* Frameworks */ = {
			isa = PBXFrameworksBuildPhase;
			buildActionMask = 2147483647;
			files = (
				3B2FBC2023BCCC3A001034BF /* Accelerate.framework in Frameworks */,
				AC72C3CCC02EB2D189E1F88F /* Pods_KMMetal.framework in Frameworks */,
			);
			runOnlyForDeploymentPostprocessing = 0;
		};
/* End PBXFrameworksBuildPhase section */

/* Begin PBXGroup section */
		3B03EE7623B102050092DEA6 /* ThinFace */ = {
			isa = PBXGroup;
			children = (
				3B03EE7723B102330092DEA6 /* KMThinFaceFilter.swift */,
				3B03EE7923B102470092DEA6 /* KMThinFaceKernel.metal */,
			);
			path = ThinFace;
			sourceTree = "<group>";
		};
		3B0871B623A879BA0082DC2D = {
			isa = PBXGroup;
			children = (
				3B0871C123A879BA0082DC2D /* KMMetal */,
				3B0871C023A879BA0082DC2D /* Products */,
				3B2FBC1E23BCCC3A001034BF /* Frameworks */,
				C7231242CCBF7497A09E520E /* Pods */,
			);
			sourceTree = "<group>";
		};
		3B0871C023A879BA0082DC2D /* Products */ = {
			isa = PBXGroup;
			children = (
				3B0871BF23A879BA0082DC2D /* KMMetal.app */,
			);
			name = Products;
			sourceTree = "<group>";
		};
		3B0871C123A879BA0082DC2D /* KMMetal */ = {
			isa = PBXGroup;
			children = (
				3B0FDF9623C503FE00E27761 /* CGAffineTransform+Matrix.swift */,
				3B0871D923A8834C0082DC2D /* res */,
				3B0871D623A882130082DC2D /* KMMetal */,
				3B0871C223A879BA0082DC2D /* AppDelegate.swift */,
				3B0871C623A879BA0082DC2D /* ViewController.swift */,
				3B0871CB23A879BB0082DC2D /* Assets.xcassets */,
				3B0871CD23A879BB0082DC2D /* LaunchScreen.storyboard */,
				3B0871D023A879BB0082DC2D /* Info.plist */,
				3B0FDF9423C4ED6300E27761 /* GoogleService-Info.plist */,
			);
			path = KMMetal;
			sourceTree = "<group>";
		};
		3B0871D623A882130082DC2D /* KMMetal */ = {
			isa = PBXGroup;
			children = (
				3B1242B423AB96FA008574AF /* Kernel */,
				3B0871E623A884870082DC2D /* Ext */,
				3B0871D723A882270082DC2D /* KMMetalView.swift */,
				3B0871E423A8845F0082DC2D /* KMMetalResourceLoader.swift */,
				3B0871E923A889B20082DC2D /* KMMetalFilter.swift */,
				3BE01CAA23A8BB820057B987 /* KMMetalCommon.swift */,
				3BE01CB523AA1E5B0057B987 /* KMMetalShared.swift */,
				3BFA509723AA250300238AA3 /* KMTexture.swift */,
				3BFA509923AA27F200238AA3 /* PassthroughShaders.metal */,
				3BFA509F23AB4C1500238AA3 /* KMMetalImage.swift */,
				3B1242B923AB99AE008574AF /* KMMetalCamera.swift */,
				3B447A6F23B7579B00A32F4C /* KMMetalFilterGroup.swift */,
			);
			path = KMMetal;
			sourceTree = "<group>";
		};
		3B0871D923A8834C0082DC2D /* res */ = {
			isa = PBXGroup;
			children = (
				3B0871DA23A8834C0082DC2D /* img4.png */,
				3B0871DB23A8834C0082DC2D /* img3.png */,
				3B0871DC23A8834C0082DC2D /* img2.png */,
				3B0871DD23A8834C0082DC2D /* img0.png */,
				3B0871DE23A8834C0082DC2D /* img1.png */,
				3B4479EB23AE0EE200A32F4C /* lookup_amatorka.png */,
				3B4479E923AE0EE200A32F4C /* lookup_miss_etikate.png */,
				3B4479EA23AE0EE200A32F4C /* lookup_soft_elegance_1.png */,
				3B4479EC23AE0EE200A32F4C /* lookup_soft_elegance_2.png */,
				3B4479E823AE0EE200A32F4C /* lookup.png */,
			);
			path = res;
			sourceTree = "<group>";
		};
		3B0871E623A884870082DC2D /* Ext */ = {
			isa = PBXGroup;
			children = (
				3B0871E723A884A70082DC2D /* MetalTexture+UIImage.swift */,
				3BFA50A123AB53FB00238AA3 /* MetalTexture+CGImage.swift */,
				3B1242BB23AC729B008574AF /* MetalTexture+CMSampleBuffer.swift */,
				3BEAFA3323BDF0A2007B4470 /* MetalTexure+CVPixelBuffer.swift */,
			);
			path = Ext;
			sourceTree = "<group>";
		};
		3B0C7FDC23B5098F00222528 /* ThinFace */ = {
			isa = PBXGroup;
			children = (
				3B0C7FDD23B5098F00222528 /* KMThinFaceFilter.swift */,
				3B0C7FDE23B5098F00222528 /* KMThinFaceKernel.metal */,
			);
			path = ThinFace;
			sourceTree = "<group>";
		};
		3B1242B423AB96FA008574AF /* Kernel */ = {
			isa = PBXGroup;
			children = (
				3BEAFA2A23BB3E5A007B4470 /* Transform */,
				3B447A7D23B7802A00A32F4C /* SkinSmooth */,
				3B447A7623B77D2100A32F4C /* BilateralBlur */,
				3B447A7123B7788E00A32F4C /* Sobel */,
				3B447A6A23B61F3200A32F4C /* Sharpen */,
				3B447A5A23B5FB3000A32F4C /* KMMetalConstant.h */,
				3B447A6523B61B8700A32F4C /* HighlightShadow */,
				3B447A6023B5FCC600A32F4C /* WhiteBalance */,
				3B447A5B23B5FBF900A32F4C /* Contrast */,
				3B447A5523B5F9E000A32F4C /* Saturation */,
				3B0C7FDC23B5098F00222528 /* ThinFace */,
				3B447A4B23B4E81E00A32F4C /* Exposure */,
				3B447A4A23B4E72900A32F4C /* LookUp */,
				3B447A4923B4E53900A32F4C /* Brightness */,
			);
			path = Kernel;
			sourceTree = "<group>";
		};
		3B2FBC1E23BCCC3A001034BF /* Frameworks */ = {
			isa = PBXGroup;
			children = (
				3B2FBC1F23BCCC3A001034BF /* Accelerate.framework */,
				9B305A1DF36A6C7C54A23EF7 /* Pods_KMMetal.framework */,
			);
			name = Frameworks;
			sourceTree = "<group>";
		};
		3B447A4923B4E53900A32F4C /* Brightness */ = {
			isa = PBXGroup;
			children = (
				3B03EE7623B102050092DEA6 /* ThinFace */,
				3B1242B523AB9715008574AF /* KMBrightnessKernel.metal */,
				3B1242B723AB9793008574AF /* KMBrightnessFilter.swift */,
			);
			path = Brightness;
			sourceTree = "<group>";
		};
		3B447A4A23B4E72900A32F4C /* LookUp */ = {
			isa = PBXGroup;
			children = (
				3BCBBBD023ADF24B0056D749 /* KMLookUpFilter.swift */,
				3BCBBBD223ADF2C70056D749 /* KMLookUpKernel.metal */,
			);
			path = LookUp;
			sourceTree = "<group>";
		};
		3B447A4B23B4E81E00A32F4C /* Exposure */ = {
			isa = PBXGroup;
			children = (
				3B447A4C23B4E84400A32F4C /* KMExposureFilter.swift */,
				3B447A4E23B4E89F00A32F4C /* KMExposureKernel.metal */,
			);
			path = Exposure;
			sourceTree = "<group>";
		};
		3B447A5523B5F9E000A32F4C /* Saturation */ = {
			isa = PBXGroup;
			children = (
				3B447A5623B5FA0000A32F4C /* KMSaturationFilter.swift */,
				3B447A5823B5FA4A00A32F4C /* KMSaturationKernel.metal */,
			);
			path = Saturation;
			sourceTree = "<group>";
		};
		3B447A5B23B5FBF900A32F4C /* Contrast */ = {
			isa = PBXGroup;
			children = (
				3B447A5C23B5FC5400A32F4C /* KMContrastFilter.swift */,
				3B447A5E23B5FC6E00A32F4C /* KMContrastKernel.metal */,
			);
			path = Contrast;
			sourceTree = "<group>";
		};
		3B447A6023B5FCC600A32F4C /* WhiteBalance */ = {
			isa = PBXGroup;
			children = (
				3B447A6123B5FCE100A32F4C /* KMWhiteBalanceFilter.swift */,
				3B447A6323B60CAC00A32F4C /* KMWhiteBalanceKernel.metal */,
			);
			path = WhiteBalance;
			sourceTree = "<group>";
		};
		3B447A6523B61B8700A32F4C /* HighlightShadow */ = {
			isa = PBXGroup;
			children = (
				3B447A6623B61C0200A32F4C /* KMHighLightShadowFilter.swift */,
				3B447A6823B61C6900A32F4C /* KMHighLightShadowKernel.metal */,
			);
			path = HighlightShadow;
			sourceTree = "<group>";
		};
		3B447A6A23B61F3200A32F4C /* Sharpen */ = {
			isa = PBXGroup;
			children = (
				3B447A6B23B61F5200A32F4C /* KMSharpenFilter.swift */,
				3B447A6D23B61FBF00A32F4C /* KMSharpenKernel.metal */,
			);
			path = Sharpen;
			sourceTree = "<group>";
		};
		3B447A7123B7788E00A32F4C /* Sobel */ = {
			isa = PBXGroup;
			children = (
				3B447A7223B778A000A32F4C /* KMSobelFilter.swift */,
				3B447A7423B778E700A32F4C /* KMSobelKernel.metal */,
			);
			path = Sobel;
			sourceTree = "<group>";
		};
		3B447A7623B77D2100A32F4C /* BilateralBlur */ = {
			isa = PBXGroup;
			children = (
				3B447A7B23B77E2300A32F4C /* KMBilateralBlurFilter.swift */,
				3B447A7723B77D5C00A32F4C /* KMSingleBilateralBlurFilter.swift */,
				3B447A7923B77DBC00A32F4C /* KMSingleBilateralBlurKernel.metal */,
			);
			path = BilateralBlur;
			sourceTree = "<group>";
		};
		3B447A7D23B7802A00A32F4C /* SkinSmooth */ = {
			isa = PBXGroup;
			children = (
				3B66229B23B9F296003C17C1 /* KMSkinSmoothFilter.swift */,
				3B66229D23B9F2F2003C17C1 /* KMSkinSmoothKernel.metal */,
			);
			path = SkinSmooth;
			sourceTree = "<group>";
		};
		3BEAFA2A23BB3E5A007B4470 /* Transform */ = {
			isa = PBXGroup;
			children = (
				3BEAFA2B23BB3E62007B4470 /* Crop */,
			);
			path = Transform;
			sourceTree = "<group>";
		};
		3BEAFA2B23BB3E62007B4470 /* Crop */ = {
			isa = PBXGroup;
			children = (
				3BEAFA2C23BB3E7F007B4470 /* KMCropFilter.swift */,
				3BEAFA2E23BB3E91007B4470 /* KMCropKernel.metal */,
			);
			path = Crop;
			sourceTree = "<group>";
		};
		C7231242CCBF7497A09E520E /* Pods */ = {
			isa = PBXGroup;
			children = (
				4EEC7A01F51596F26072DE7F /* Pods-KMMetal.debug.xcconfig */,
				DF8117D56BF0F59669A9E1A2 /* Pods-KMMetal.release.xcconfig */,
			);
			path = Pods;
			sourceTree = "<group>";
		};
/* End PBXGroup section */

/* Begin PBXNativeTarget section */
		3B0871BE23A879BA0082DC2D /* KMMetal */ = {
			isa = PBXNativeTarget;
			buildConfigurationList = 3B0871D323A879BB0082DC2D /* Build configuration list for PBXNativeTarget "KMMetal" */;
			buildPhases = (
				E2C3EADB3F26D0C6D45CDB18 /* [CP] Check Pods Manifest.lock */,
				3B0871BB23A879BA0082DC2D /* Sources */,
				3B0871BC23A879BA0082DC2D /* Frameworks */,
				3B0871BD23A879BA0082DC2D /* Resources */,
			);
			buildRules = (
			);
			dependencies = (
			);
			name = KMMetal;
			productName = KMMetal;
			productReference = 3B0871BF23A879BA0082DC2D /* KMMetal.app */;
			productType = "com.apple.product-type.application";
		};
/* End PBXNativeTarget section */

/* Begin PBXProject section */
		3B0871B723A879BA0082DC2D /* Project object */ = {
			isa = PBXProject;
			attributes = {
				LastSwiftUpdateCheck = 1120;
				LastUpgradeCheck = 1120;
				ORGANIZATIONNAME = "苏金劲";
				TargetAttributes = {
					3B0871BE23A879BA0082DC2D = {
						CreatedOnToolsVersion = 11.2.1;
						LastSwiftMigration = 1110;
					};
				};
			};
			buildConfigurationList = 3B0871BA23A879BA0082DC2D /* Build configuration list for PBXProject "KMMetal" */;
			compatibilityVersion = "Xcode 9.3";
			developmentRegion = en;
			hasScannedForEncodings = 0;
			knownRegions = (
				en,
				Base,
			);
			mainGroup = 3B0871B623A879BA0082DC2D;
			productRefGroup = 3B0871C023A879BA0082DC2D /* Products */;
			projectDirPath = "";
			projectRoot = "";
			targets = (
				3B0871BE23A879BA0082DC2D /* KMMetal */,
			);
		};
/* End PBXProject section */

/* Begin PBXResourcesBuildPhase section */
		3B0871BD23A879BA0082DC2D /* Resources */ = {
			isa = PBXResourcesBuildPhase;
			buildActionMask = 2147483647;
			files = (
				3B0871CF23A879BB0082DC2D /* LaunchScreen.storyboard in Resources */,
				3B0FDF9523C4ED6300E27761 /* GoogleService-Info.plist in Resources */,
				3B0871E123A8834C0082DC2D /* img2.png in Resources */,
				3B4479F123AE0EE200A32F4C /* lookup_soft_elegance_2.png in Resources */,
				3B0871E323A8834C0082DC2D /* img1.png in Resources */,
				3B0871E223A8834C0082DC2D /* img0.png in Resources */,
				3B0871CC23A879BB0082DC2D /* Assets.xcassets in Resources */,
				3B0871DF23A8834C0082DC2D /* img4.png in Resources */,
				3B0871E023A8834C0082DC2D /* img3.png in Resources */,
				3B4479EF23AE0EE200A32F4C /* lookup_soft_elegance_1.png in Resources */,
				3B4479ED23AE0EE200A32F4C /* lookup.png in Resources */,
				3B4479EE23AE0EE200A32F4C /* lookup_miss_etikate.png in Resources */,
				3B4479F023AE0EE200A32F4C /* lookup_amatorka.png in Resources */,
			);
			runOnlyForDeploymentPostprocessing = 0;
		};
/* End PBXResourcesBuildPhase section */

/* Begin PBXShellScriptBuildPhase section */
		E2C3EADB3F26D0C6D45CDB18 /* [CP] Check Pods Manifest.lock */ = {
			isa = PBXShellScriptBuildPhase;
			buildActionMask = 2147483647;
			files = (
			);
			inputFileListPaths = (
			);
			inputPaths = (
				"${PODS_PODFILE_DIR_PATH}/Podfile.lock",
				"${PODS_ROOT}/Manifest.lock",
			);
			name = "[CP] Check Pods Manifest.lock";
			outputFileListPaths = (
			);
			outputPaths = (
				"$(DERIVED_FILE_DIR)/Pods-KMMetal-checkManifestLockResult.txt",
			);
			runOnlyForDeploymentPostprocessing = 0;
			shellPath = /bin/sh;
			shellScript = "diff \"${PODS_PODFILE_DIR_PATH}/Podfile.lock\" \"${PODS_ROOT}/Manifest.lock\" > /dev/null\nif [ $? != 0 ] ; then\n    # print error to STDERR\n    echo \"error: The sandbox is not in sync with the Podfile.lock. Run 'pod install' or update your CocoaPods installation.\" >&2\n    exit 1\nfi\n# This output is used by Xcode 'outputs' to avoid re-running this script phase.\necho \"SUCCESS\" > \"${SCRIPT_OUTPUT_FILE_0}\"\n";
			showEnvVarsInLog = 0;
		};
/* End PBXShellScriptBuildPhase section */

/* Begin PBXSourcesBuildPhase section */
		3B0871BB23A879BA0082DC2D /* Sources */ = {
			isa = PBXSourcesBuildPhase;
			buildActionMask = 2147483647;
			files = (
				3BEAFA2F23BB3E92007B4470 /* KMCropKernel.metal in Sources */,
				3BEAFA3423BDF0A2007B4470 /* MetalTexure+CVPixelBuffer.swift in Sources */,
				3BE01CB623AA1E5B0057B987 /* KMMetalShared.swift in Sources */,
				3B447A6E23B61FBF00A32F4C /* KMSharpenKernel.metal in Sources */,
				3B447A5D23B5FC5400A32F4C /* KMContrastFilter.swift in Sources */,
				3BFA509A23AA27F200238AA3 /* PassthroughShaders.metal in Sources */,
				3BCBBBD123ADF24B0056D749 /* KMLookUpFilter.swift in Sources */,
				3B447A6423B60CAC00A32F4C /* KMWhiteBalanceKernel.metal in Sources */,
				3B447A7823B77D5C00A32F4C /* KMSingleBilateralBlurFilter.swift in Sources */,
				3B447A7A23B77DBC00A32F4C /* KMSingleBilateralBlurKernel.metal in Sources */,
				3B66229E23B9F2F2003C17C1 /* KMSkinSmoothKernel.metal in Sources */,
				3B1242B823AB9793008574AF /* KMBrightnessFilter.swift in Sources */,
				3B447A7523B778E700A32F4C /* KMSobelKernel.metal in Sources */,
				3BCBBBD323ADF2C70056D749 /* KMLookUpKernel.metal in Sources */,
				3B447A5923B5FA4A00A32F4C /* KMSaturationKernel.metal in Sources */,
				3B447A7023B7579B00A32F4C /* KMMetalFilterGroup.swift in Sources */,
				3B0871E823A884A70082DC2D /* MetalTexture+UIImage.swift in Sources */,
				3B447A6223B5FCE100A32F4C /* KMWhiteBalanceFilter.swift in Sources */,
				3B447A5723B5FA0000A32F4C /* KMSaturationFilter.swift in Sources */,
				3B447A7C23B77E2300A32F4C /* KMBilateralBlurFilter.swift in Sources */,
				3B0FDF9723C503FE00E27761 /* CGAffineTransform+Matrix.swift in Sources */,
				3B447A6C23B61F5200A32F4C /* KMSharpenFilter.swift in Sources */,
				3B447A4D23B4E84400A32F4C /* KMExposureFilter.swift in Sources */,
				3B447A4F23B4E89F00A32F4C /* KMExposureKernel.metal in Sources */,
				3B1242B623AB9715008574AF /* KMBrightnessKernel.metal in Sources */,
				3B1242BC23AC729B008574AF /* MetalTexture+CMSampleBuffer.swift in Sources */,
				3B0871E523A8845F0082DC2D /* KMMetalResourceLoader.swift in Sources */,
				3B447A7323B778A000A32F4C /* KMSobelFilter.swift in Sources */,
				3B0871D823A882270082DC2D /* KMMetalView.swift in Sources */,
				3B1242BA23AB99AE008574AF /* KMMetalCamera.swift in Sources */,
				3B447A6723B61C0200A32F4C /* KMHighLightShadowFilter.swift in Sources */,
				3B447A6923B61C6900A32F4C /* KMHighLightShadowKernel.metal in Sources */,
				3BFA509823AA250300238AA3 /* KMTexture.swift in Sources */,
				3B0871C723A879BA0082DC2D /* ViewController.swift in Sources */,
				3B0871C323A879BA0082DC2D /* AppDelegate.swift in Sources */,
				3B66229C23B9F296003C17C1 /* KMSkinSmoothFilter.swift in Sources */,
				3BEAFA2D23BB3E7F007B4470 /* KMCropFilter.swift in Sources */,
				3B0C7FE023B5099000222528 /* KMThinFaceKernel.metal in Sources */,
				3BFA50A023AB4C1500238AA3 /* KMMetalImage.swift in Sources */,
				3B0C7FDF23B5099000222528 /* KMThinFaceFilter.swift in Sources */,
				3BFA50A223AB53FB00238AA3 /* MetalTexture+CGImage.swift in Sources */,
				3BE01CAB23A8BB820057B987 /* KMMetalCommon.swift in Sources */,
				3B447A5F23B5FC6E00A32F4C /* KMContrastKernel.metal in Sources */,
				3B0871EA23A889B20082DC2D /* KMMetalFilter.swift in Sources */,
			);
			runOnlyForDeploymentPostprocessing = 0;
		};
/* End PBXSourcesBuildPhase section */

/* Begin PBXVariantGroup section */
		3B0871CD23A879BB0082DC2D /* LaunchScreen.storyboard */ = {
			isa = PBXVariantGroup;
			children = (
				3B0871CE23A879BB0082DC2D /* Base */,
			);
			name = LaunchScreen.storyboard;
			sourceTree = "<group>";
		};
/* End PBXVariantGroup section */

/* Begin XCBuildConfiguration section */
		3B0871D123A879BB0082DC2D /* Debug */ = {
			isa = XCBuildConfiguration;
			buildSettings = {
				ALWAYS_SEARCH_USER_PATHS = NO;
				CLANG_ANALYZER_NONNULL = YES;
				CLANG_ANALYZER_NUMBER_OBJECT_CONVERSION = YES_AGGRESSIVE;
				CLANG_CXX_LANGUAGE_STANDARD = "gnu++14";
				CLANG_CXX_LIBRARY = "libc++";
				CLANG_ENABLE_MODULES = YES;
				CLANG_ENABLE_OBJC_ARC = YES;
				CLANG_ENABLE_OBJC_WEAK = YES;
				CLANG_WARN_BLOCK_CAPTURE_AUTORELEASING = YES;
				CLANG_WARN_BOOL_CONVERSION = YES;
				CLANG_WARN_COMMA = YES;
				CLANG_WARN_CONSTANT_CONVERSION = YES;
				CLANG_WARN_DEPRECATED_OBJC_IMPLEMENTATIONS = YES;
				CLANG_WARN_DIRECT_OBJC_ISA_USAGE = YES_ERROR;
				CLANG_WARN_DOCUMENTATION_COMMENTS = YES;
				CLANG_WARN_EMPTY_BODY = YES;
				CLANG_WARN_ENUM_CONVERSION = YES;
				CLANG_WARN_INFINITE_RECURSION = YES;
				CLANG_WARN_INT_CONVERSION = YES;
				CLANG_WARN_NON_LITERAL_NULL_CONVERSION = YES;
				CLANG_WARN_OBJC_IMPLICIT_RETAIN_SELF = YES;
				CLANG_WARN_OBJC_LITERAL_CONVERSION = YES;
				CLANG_WARN_OBJC_ROOT_CLASS = YES_ERROR;
				CLANG_WARN_RANGE_LOOP_ANALYSIS = YES;
				CLANG_WARN_STRICT_PROTOTYPES = YES;
				CLANG_WARN_SUSPICIOUS_MOVE = YES;
				CLANG_WARN_UNGUARDED_AVAILABILITY = YES_AGGRESSIVE;
				CLANG_WARN_UNREACHABLE_CODE = YES;
				CLANG_WARN__DUPLICATE_METHOD_MATCH = YES;
				COPY_PHASE_STRIP = NO;
				DEBUG_INFORMATION_FORMAT = dwarf;
				ENABLE_STRICT_OBJC_MSGSEND = YES;
				ENABLE_TESTABILITY = YES;
				GCC_C_LANGUAGE_STANDARD = gnu11;
				GCC_DYNAMIC_NO_PIC = NO;
				GCC_NO_COMMON_BLOCKS = YES;
				GCC_OPTIMIZATION_LEVEL = 0;
				GCC_PREPROCESSOR_DEFINITIONS = (
					"DEBUG=1",
					"$(inherited)",
				);
				GCC_WARN_64_TO_32_BIT_CONVERSION = YES;
				GCC_WARN_ABOUT_RETURN_TYPE = YES_ERROR;
				GCC_WARN_UNDECLARED_SELECTOR = YES;
				GCC_WARN_UNINITIALIZED_AUTOS = YES_AGGRESSIVE;
				GCC_WARN_UNUSED_FUNCTION = YES;
				GCC_WARN_UNUSED_VARIABLE = YES;
				IPHONEOS_DEPLOYMENT_TARGET = 13.2;
				MTL_ENABLE_DEBUG_INFO = INCLUDE_SOURCE;
				MTL_FAST_MATH = YES;
				ONLY_ACTIVE_ARCH = YES;
				SDKROOT = iphoneos;
				SWIFT_ACTIVE_COMPILATION_CONDITIONS = DEBUG;
				SWIFT_OPTIMIZATION_LEVEL = "-Onone";
			};
			name = Debug;
		};
		3B0871D223A879BB0082DC2D /* Release */ = {
			isa = XCBuildConfiguration;
			buildSettings = {
				ALWAYS_SEARCH_USER_PATHS = NO;
				CLANG_ANALYZER_NONNULL = YES;
				CLANG_ANALYZER_NUMBER_OBJECT_CONVERSION = YES_AGGRESSIVE;
				CLANG_CXX_LANGUAGE_STANDARD = "gnu++14";
				CLANG_CXX_LIBRARY = "libc++";
				CLANG_ENABLE_MODULES = YES;
				CLANG_ENABLE_OBJC_ARC = YES;
				CLANG_ENABLE_OBJC_WEAK = YES;
				CLANG_WARN_BLOCK_CAPTURE_AUTORELEASING = YES;
				CLANG_WARN_BOOL_CONVERSION = YES;
				CLANG_WARN_COMMA = YES;
				CLANG_WARN_CONSTANT_CONVERSION = YES;
				CLANG_WARN_DEPRECATED_OBJC_IMPLEMENTATIONS = YES;
				CLANG_WARN_DIRECT_OBJC_ISA_USAGE = YES_ERROR;
				CLANG_WARN_DOCUMENTATION_COMMENTS = YES;
				CLANG_WARN_EMPTY_BODY = YES;
				CLANG_WARN_ENUM_CONVERSION = YES;
				CLANG_WARN_INFINITE_RECURSION = YES;
				CLANG_WARN_INT_CONVERSION = YES;
				CLANG_WARN_NON_LITERAL_NULL_CONVERSION = YES;
				CLANG_WARN_OBJC_IMPLICIT_RETAIN_SELF = YES;
				CLANG_WARN_OBJC_LITERAL_CONVERSION = YES;
				CLANG_WARN_OBJC_ROOT_CLASS = YES_ERROR;
				CLANG_WARN_RANGE_LOOP_ANALYSIS = YES;
				CLANG_WARN_STRICT_PROTOTYPES = YES;
				CLANG_WARN_SUSPICIOUS_MOVE = YES;
				CLANG_WARN_UNGUARDED_AVAILABILITY = YES_AGGRESSIVE;
				CLANG_WARN_UNREACHABLE_CODE = YES;
				CLANG_WARN__DUPLICATE_METHOD_MATCH = YES;
				COPY_PHASE_STRIP = NO;
				DEBUG_INFORMATION_FORMAT = "dwarf-with-dsym";
				ENABLE_NS_ASSERTIONS = NO;
				ENABLE_STRICT_OBJC_MSGSEND = YES;
				GCC_C_LANGUAGE_STANDARD = gnu11;
				GCC_NO_COMMON_BLOCKS = YES;
				GCC_WARN_64_TO_32_BIT_CONVERSION = YES;
				GCC_WARN_ABOUT_RETURN_TYPE = YES_ERROR;
				GCC_WARN_UNDECLARED_SELECTOR = YES;
				GCC_WARN_UNINITIALIZED_AUTOS = YES_AGGRESSIVE;
				GCC_WARN_UNUSED_FUNCTION = YES;
				GCC_WARN_UNUSED_VARIABLE = YES;
				IPHONEOS_DEPLOYMENT_TARGET = 13.2;
				MTL_ENABLE_DEBUG_INFO = NO;
				MTL_FAST_MATH = YES;
				SDKROOT = iphoneos;
				SWIFT_COMPILATION_MODE = wholemodule;
				SWIFT_OPTIMIZATION_LEVEL = "-O";
				VALIDATE_PRODUCT = YES;
			};
			name = Release;
		};
		3B0871D423A879BB0082DC2D /* Debug */ = {
			isa = XCBuildConfiguration;
			baseConfigurationReference = 4EEC7A01F51596F26072DE7F /* Pods-KMMetal.debug.xcconfig */;
			buildSettings = {
				ASSETCATALOG_COMPILER_APPICON_NAME = AppIcon;
				CLANG_ENABLE_MODULES = YES;
				CODE_SIGN_IDENTITY = "Apple Development";
				CODE_SIGN_STYLE = Automatic;
				DEVELOPMENT_TEAM = NYQACL8B77;
				ENABLE_BITCODE = NO;
				FRAMEWORK_SEARCH_PATHS = (
					"$(inherited)",
					"$(PROJECT_DIR)/KMMetal/KMFaceDetector",
				);
				HEADER_SEARCH_PATHS = "${SRCROOT}/KMMetal/KMFaceDetector/dlib/";
				INFOPLIST_FILE = KMMetal/Info.plist;
				IPHONEOS_DEPLOYMENT_TARGET = 11.0;
				LD_RUNPATH_SEARCH_PATHS = (
					"$(inherited)",
					"@executable_path/Frameworks",
				);
				LIBRARY_SEARCH_PATHS = (
					"$(inherited)",
					"$(PROJECT_DIR)/KMMetal/KMFaceDetector/dlib",
				);
				PRODUCT_BUNDLE_IDENTIFIER = com.kedc.KMMetal1;
				PRODUCT_NAME = "$(TARGET_NAME)";
				PROVISIONING_PROFILE_SPECIFIER = "";
				SWIFT_OBJC_BRIDGING_HEADER = "KMMetal/KMFaceDetector/KMMetal-Bridging-Header.h";
				SWIFT_OPTIMIZATION_LEVEL = "-Onone";
				SWIFT_VERSION = 5.0;
				TARGETED_DEVICE_FAMILY = "1,2";
			};
			name = Debug;
		};
		3B0871D523A879BB0082DC2D /* Release */ = {
			isa = XCBuildConfiguration;
			baseConfigurationReference = DF8117D56BF0F59669A9E1A2 /* Pods-KMMetal.release.xcconfig */;
			buildSettings = {
				ASSETCATALOG_COMPILER_APPICON_NAME = AppIcon;
				CLANG_ENABLE_MODULES = YES;
				CODE_SIGN_IDENTITY = "Apple Development";
				CODE_SIGN_STYLE = Automatic;
				DEVELOPMENT_TEAM = NYQACL8B77;
				ENABLE_BITCODE = NO;
				FRAMEWORK_SEARCH_PATHS = (
					"$(inherited)",
					"$(PROJECT_DIR)/KMMetal/KMFaceDetector",
				);
				HEADER_SEARCH_PATHS = "${SRCROOT}/KMMetal/KMFaceDetector/dlib/";
				INFOPLIST_FILE = KMMetal/Info.plist;
				IPHONEOS_DEPLOYMENT_TARGET = 11.0;
				LD_RUNPATH_SEARCH_PATHS = (
					"$(inherited)",
					"@executable_path/Frameworks",
				);
				LIBRARY_SEARCH_PATHS = (
					"$(inherited)",
					"$(PROJECT_DIR)/KMMetal/KMFaceDetector/dlib",
				);
				PRODUCT_BUNDLE_IDENTIFIER = com.kedc.KMMetal1;
				PRODUCT_NAME = "$(TARGET_NAME)";
				PROVISIONING_PROFILE_SPECIFIER = "";
				SWIFT_OBJC_BRIDGING_HEADER = "KMMetal/KMFaceDetector/KMMetal-Bridging-Header.h";
				SWIFT_VERSION = 5.0;
				TARGETED_DEVICE_FAMILY = "1,2";
			};
			name = Release;
		};
/* End XCBuildConfiguration section */

/* Begin XCConfigurationList section */
		3B0871BA23A879BA0082DC2D /* Build configuration list for PBXProject "KMMetal" */ = {
			isa = XCConfigurationList;
			buildConfigurations = (
				3B0871D123A879BB0082DC2D /* Debug */,
				3B0871D223A879BB0082DC2D /* Release */,
			);
			defaultConfigurationIsVisible = 0;
			defaultConfigurationName = Release;
		};
		3B0871D323A879BB0082DC2D /* Build configuration list for PBXNativeTarget "KMMetal" */ = {
			isa = XCConfigurationList;
			buildConfigurations = (
				3B0871D423A879BB0082DC2D /* Debug */,
				3B0871D523A879BB0082DC2D /* Release */,
			);
			defaultConfigurationIsVisible = 0;
			defaultConfigurationName = Release;
		};
/* End XCConfigurationList section */
	};
	rootObject = 3B0871B723A879BA0082DC2D /* Project object */;
}
